// !$*UTF8*$!
{
	archiveVersion = 1;
	classes = {
	};
	objectVersion = 46;
	objects = {

/* Begin PBXBuildFile section */
		A00B4CB41BF05F9900444C02 /* main.m in Sources */ = {isa = PBXBuildFile; fileRef = A00B4CB31BF05F9900444C02 /* main.m */; };
		A00B4CB71BF05F9900444C02 /* AppDelegate.m in Sources */ = {isa = PBXBuildFile; fileRef = A00B4CB61BF05F9900444C02 /* AppDelegate.m */; };
		A00B4CBA1BF05F9900444C02 /* ViewController.m in Sources */ = {isa = PBXBuildFile; fileRef = A00B4CB91BF05F9900444C02 /* ViewController.m */; };
		A00B4CBF1BF05F9900444C02 /* Assets.xcassets in Resources */ = {isa = PBXBuildFile; fileRef = A00B4CBE1BF05F9900444C02 /* Assets.xcassets */; };
		A00B4CC21BF05F9900444C02 /* LaunchScreen.storyboard in Resources */ = {isa = PBXBuildFile; fileRef = A00B4CC01BF05F9900444C02 /* LaunchScreen.storyboard */; };
		A00B4CCC1BF05FA900444C02 /* ZKSegment.m in Sources */ = {isa = PBXBuildFile; fileRef = A00B4CCB1BF05FA900444C02 /* ZKSegment.m */; };
/* End PBXBuildFile section */

/* Begin PBXFileReference section */
		A00B4CAF1BF05F9900444C02 /* ZKSegmentDemo.app */ = {isa = PBXFileReference; explicitFileType = wrapper.application; includeInIndex = 0; path = ZKSegmentDemo.app; sourceTree = BUILT_PRODUCTS_DIR; };
		A00B4CB31BF05F9900444C02 /* main.m */ = {isa = PBXFileReference; lastKnownFileType = sourcecode.c.objc; path = main.m; sourceTree = "<group>"; };
		A00B4CB51BF05F9900444C02 /* AppDelegate.h */ = {isa = PBXFileReference; lastKnownFileType = sourcecode.c.h; path = AppDelegate.h; sourceTree = "<group>"; };
		A00B4CB61BF05F9900444C02 /* AppDelegate.m */ = {isa = PBXFileReference; lastKnownFileType = sourcecode.c.objc; path = AppDelegate.m; sourceTree = "<group>"; };
		A00B4CB81BF05F9900444C02 /* ViewController.h */ = {isa = PBXFileReference; lastKnownFileType = sourcecode.c.h; path = ViewController.h; sourceTree = "<group>"; };
		A00B4CB91BF05F9900444C02 /* ViewController.m */ = {isa = PBXFileReference; lastKnownFileType = sourcecode.c.objc; path = ViewController.m; sourceTree = "<group>"; };
		A00B4CBE1BF05F9900444C02 /* Assets.xcassets */ = {isa = PBXFileReference; lastKnownFileType = folder.assetcatalog; path = Assets.xcassets; sourceTree = "<group>"; };
		A00B4CC11BF05F9900444C02 /* Base */ = {isa = PBXFileReference; lastKnownFileType = file.storyboard; name = Base; path = Base.lproj/LaunchScreen.storyboard; sourceTree = "<group>"; };
		A00B4CC31BF05F9900444C02 /* Info.plist */ = {isa = PBXFileReference; lastKnownFileType = text.plist.xml; path = Info.plist; sourceTree = "<group>"; };
		A00B4CCA1BF05FA900444C02 /* ZKSegment.h */ = {isa = PBXFileReference; fileEncoding = 4; lastKnownFileType = sourcecode.c.h; path = ZKSegment.h; sourceTree = "<group>"; };
		A00B4CCB1BF05FA900444C02 /* ZKSegment.m */ = {isa = PBXFileReference; fileEncoding = 4; lastKnownFileType = sourcecode.c.objc; path = ZKSegment.m; sourceTree = "<group>"; };
/* End PBXFileReference section */

/* Begin PBXFrameworksBuildPhase section */
		A00B4CAC1BF05F9900444C02 /* Frameworks */ = {
			isa = PBXFrameworksBuildPhase;
			buildActionMask = 2147483647;
			files = (
			);
			runOnlyForDeploymentPostprocessing = 0;
		};
/* End PBXFrameworksBuildPhase section */

/* Begin PBXGroup section */
		A00B4CA61BF05F9900444C02 = {
			isa = PBXGroup;
			children = (
				A00B4CC91BF05FA900444C02 /* ZKSegment */,
				A00B4CB11BF05F9900444C02 /* ZKSegmentDemo */,
				A00B4CB01BF05F9900444C02 /* Products */,
			);
			sourceTree = "<group>";
		};
		A00B4CB01BF05F9900444C02 /* Products */ = {
			isa = PBXGroup;
			children = (
				A00B4CAF1BF05F9900444C02 /* ZKSegmentDemo.app */,
			);
			name = Products;
			sourceTree = "<group>";
		};
		A00B4CB11BF05F9900444C02 /* ZKSegmentDemo */ = {
			isa = PBXGroup;
			children = (
				A00B4CB51BF05F9900444C02 /* AppDelegate.h */,
				A00B4CB61BF05F9900444C02 /* AppDelegate.m */,
				A00B4CB81BF05F9900444C02 /* ViewController.h */,
				A00B4CB91BF05F9900444C02 /* ViewController.m */,
				A00B4CBE1BF05F9900444C02 /* Assets.xcassets */,
				A00B4CC01BF05F9900444C02 /* LaunchScreen.storyboard */,
				A00B4CC31BF05F9900444C02 /* Info.plist */,
				A00B4CB21BF05F9900444C02 /* Supporting Files */,
			);
			path = ZKSegmentDemo;
			sourceTree = "<group>";
		};
		A00B4CB21BF05F9900444C02 /* Supporting Files */ = {
			isa = PBXGroup;
			children = (
				A00B4CB31BF05F9900444C02 /* main.m */,
			);
			name = "Supporting Files";
			sourceTree = "<group>";
		};
		A00B4CC91BF05FA900444C02 /* ZKSegment */ = {
			isa = PBXGroup;
			children = (
				A00B4CCA1BF05FA900444C02 /* ZKSegment.h */,
				A00B4CCB1BF05FA900444C02 /* ZKSegment.m */,
			);
			name = ZKSegment;
			path = ../ZKSegment;
			sourceTree = "<group>";
		};
/* End PBXGroup section */

/* Begin PBXNativeTarget section */
		A00B4CAE1BF05F9900444C02 /* ZKSegmentDemo */ = {
			isa = PBXNativeTarget;
			buildConfigurationList = A00B4CC61BF05F9900444C02 /* Build configuration list for PBXNativeTarget "ZKSegmentDemo" */;
			buildPhases = (
				A00B4CAB1BF05F9900444C02 /* Sources */,
				A00B4CAC1BF05F9900444C02 /* Frameworks */,
				A00B4CAD1BF05F9900444C02 /* Resources */,
			);
			buildRules = (
			);
			dependencies = (
			);
			name = ZKSegmentDemo;
			productName = ZKSegmentDemo;
			productReference = A00B4CAF1BF05F9900444C02 /* ZKSegmentDemo.app */;
			productType = "com.apple.product-type.application";
		};
/* End PBXNativeTarget section */

/* Begin PBXProject section */
		A00B4CA71BF05F9900444C02 /* Project object */ = {
			isa = PBXProject;
			attributes = {
				LastUpgradeCheck = 0710;
				ORGANIZATIONNAME = WangWenzhuang;
				TargetAttributes = {
					A00B4CAE1BF05F9900444C02 = {
						CreatedOnToolsVersion = 7.1;
					};
				};
			};
			buildConfigurationList = A00B4CAA1BF05F9900444C02 /* Build configuration list for PBXProject "ZKSegmentDemo" */;
			compatibilityVersion = "Xcode 3.2";
			developmentRegion = English;
			hasScannedForEncodings = 0;
			knownRegions = (
				en,
				Base,
			);
			mainGroup = A00B4CA61BF05F9900444C02;
			productRefGroup = A00B4CB01BF05F9900444C02 /* Products */;
			projectDirPath = "";
			projectRoot = "";
			targets = (
				A00B4CAE1BF05F9900444C02 /* ZKSegmentDemo */,
			);
		};
/* End PBXProject section */

/* Begin PBXResourcesBuildPhase section */
		A00B4CAD1BF05F9900444C02 /* Resources */ = {
			isa = PBXResourcesBuildPhase;
			buildActionMask = 2147483647;
			files = (
				A00B4CC21BF05F9900444C02 /* LaunchScreen.storyboard in Resources */,
				A00B4CBF1BF05F9900444C02 /* Assets.xcassets in Resources */,
			);
			runOnlyForDeploymentPostprocessing = 0;
		};
/* End PBXResourcesBuildPhase section */

/* Begin PBXSourcesBuildPhase section */
		A00B4CAB1BF05F9900444C02 /* Sources */ = {
			isa = PBXSourcesBuildPhase;
			buildActionMask = 2147483647;
			files = (
				A00B4CBA1BF05F9900444C02 /* ViewController.m in Sources */,
				A00B4CB71BF05F9900444C02 /* AppDelegate.m in Sources */,
				A00B4CCC1BF05FA900444C02 /* ZKSegment.m in Sources */,
				A00B4CB41BF05F9900444C02 /* main.m in Sources */,
			);
			runOnlyForDeploymentPostprocessing = 0;
		};
/* End PBXSourcesBuildPhase section */

/* Begin PBXVariantGroup section */
		A00B4CC01BF05F9900444C02 /* LaunchScreen.storyboard */ = {
			isa = PBXVariantGroup;
			children = (
				A00B4CC11BF05F9900444C02 /* Base */,
			);
			name = LaunchScreen.storyboard;
			sourceTree = "<group>";
		};
/* End PBXVariantGroup section */

/* Begin XCBuildConfiguration section */
		A00B4CC41BF05F9900444C02 /* Debug */ = {
			isa = XCBuildConfiguration;
			buildSettings = {
				ALWAYS_SEARCH_USER_PATHS = NO;
				CLANG_CXX_LANGUAGE_STANDARD = "gnu++0x";
				CLANG_CXX_LIBRARY = "libc++";
				CLANG_ENABLE_MODULES = YES;
				CLANG_ENABLE_OBJC_ARC = YES;
				CLANG_WARN_BOOL_CONVERSION = YES;
				CLANG_WARN_CONSTANT_CONVERSION = YES;
				CLANG_WARN_DIRECT_OBJC_ISA_USAGE = YES_ERROR;
				CLANG_WARN_EMPTY_BODY = YES;
				CLANG_WARN_ENUM_CONVERSION = YES;
				CLANG_WARN_INT_CONVERSION = YES;
				CLANG_WARN_OBJC_ROOT_CLASS = YES_ERROR;
				CLANG_WARN_UNREACHABLE_CODE = YES;
				CLANG_WARN__DUPLICATE_METHOD_MATCH = YES;
				"CODE_SIGN_IDENTITY[sdk=iphoneos*]" = "iPhone Developer";
				COPY_PHASE_STRIP = NO;
				DEBUG_INFORMATION_FORMAT = dwarf;
				ENABLE_STRICT_OBJC_MSGSEND = YES;
				ENABLE_TESTABILITY = YES;
				GCC_C_LANGUAGE_STANDARD = gnu99;
				GCC_DYNAMIC_NO_PIC = NO;
				GCC_NO_COMMON_BLOCKS = YES;
				GCC_OPTIMIZATION_LEVEL = 0;
				GCC_PREPROCESSOR_DEFINITIONS = (
					"DEBUG=1",
					"$(inherited)",
				);
				GCC_WARN_64_TO_32_BIT_CONVERSION = YES;
				GCC_WARN_ABOUT_RETURN_TYPE = YES_ERROR;
				GCC_WARN_UNDECLARED_SELECTOR = YES;
				GCC_WARN_UNINITIALIZED_AUTOS = YES_AGGRESSIVE;
				GCC_WARN_UNUSED_FUNCTION = YES;
				GCC_WARN_UNUSED_VARIABLE = YES;
				IPHONEOS_DEPLOYMENT_TARGET = 9.1;
				MTL_ENABLE_DEBUG_INFO = YES;
				ONLY_ACTIVE_ARCH = YES;
				SDKROOT = iphoneos;
			};
			name = Debug;
		};
		A00B4CC51BF05F9900444C02 /* Release */ = {
			isa = XCBuildConfiguration;
			buildSettings = {
				ALWAYS_SEARCH_USER_PATHS = NO;
				CLANG_CXX_LANGUAGE_STANDARD = "gnu++0x";
				CLANG_CXX_LIBRARY = "libc++";
				CLANG_ENABLE_MODULES = YES;
				CLANG_ENABLE_OBJC_ARC = YES;
				CLANG_WARN_BOOL_CONVERSION = YES;
				CLANG_WARN_CONSTANT_CONVERSION = YES;
				CLANG_WARN_DIRECT_OBJC_ISA_USAGE = YES_ERROR;
				CLANG_WARN_EMPTY_BODY = YES;
				CLANG_WARN_ENUM_CONVERSION = YES;
				CLANG_WARN_INT_CONVERSION = YES;
				CLANG_WARN_OBJC_ROOT_CLASS = YES_ERROR;
				CLANG_WARN_UNREACHABLE_CODE = YES;
				CLANG_WARN__DUPLICATE_METHOD_MATCH = YES;
				"CODE_SIGN_IDENTITY[sdk=iphoneos*]" = "iPhone Developer";
				COPY_PHASE_STRIP = NO;
				DEBUG_INFORMATION_FORMAT = "dwarf-with-dsym";
				ENABLE_NS_ASSERTIONS = NO;
				ENABLE_STRICT_OBJC_MSGSEND = YES;
				GCC_C_LANGUAGE_STANDARD = gnu99;
				GCC_NO_COMMON_BLOCKS = YES;
				GCC_WARN_64_TO_32_BIT_CONVERSION = YES;
				GCC_WARN_ABOUT_RETURN_TYPE = YES_ERROR;
				GCC_WARN_UNDECLARED_SELECTOR = YES;
				GCC_WARN_UNINITIALIZED_AUTOS = YES_AGGRESSIVE;
				GCC_WARN_UNUSED_FUNCTION = YES;
				GCC_WARN_UNUSED_VARIABLE = YES;
				IPHONEOS_DEPLOYMENT_TARGET = 9.1;
				MTL_ENABLE_DEBUG_INFO = NO;
				SDKROOT = iphoneos;
				VALIDATE_PRODUCT = YES;
			};
			name = Release;
		};
		A00B4CC71BF05F9900444C02 /* Debug */ = {
			isa = XCBuildConfiguration;
			buildSettings = {
				ASSETCATALOG_COMPILER_APPICON_NAME = AppIcon;
				INFOPLIST_FILE = ZKSegmentDemo/Info.plist;
				LD_RUNPATH_SEARCH_PATHS = "$(inherited) @executable_path/Frameworks";
				PRODUCT_BUNDLE_IDENTIFIER = com.wangwenzhuang.ZKSegmentDemo;
				PRODUCT_NAME = "$(TARGET_NAME)";
			};
			name = Debug;
		};
		A00B4CC81BF05F9900444C02 /* Release */ = {
			isa = XCBuildConfiguration;
			buildSettings = {
				ASSETCATALOG_COMPILER_APPICON_NAME = AppIcon;
				INFOPLIST_FILE = ZKSegmentDemo/Info.plist;
				LD_RUNPATH_SEARCH_PATHS = "$(inherited) @executable_path/Frameworks";
				PRODUCT_BUNDLE_IDENTIFIER = com.wangwenzhuang.ZKSegmentDemo;
				PRODUCT_NAME = "$(TARGET_NAME)";
			};
			name = Release;
		};
/* End XCBuildConfiguration section */

/* Begin XCConfigurationList section */
		A00B4CAA1BF05F9900444C02 /* Build configuration list for PBXProject "ZKSegmentDemo" */ = {
			isa = XCConfigurationList;
			buildConfigurations = (
				A00B4CC41BF05F9900444C02 /* Debug */,
				A00B4CC51BF05F9900444C02 /* Release */,
			);
			defaultConfigurationIsVisible = 0;
			defaultConfigurationName = Release;
		};
		A00B4CC61BF05F9900444C02 /* Build configuration list for PBXNativeTarget "ZKSegmentDemo" */ = {
			isa = XCConfigurationList;
			buildConfigurations = (
				A00B4CC71BF05F9900444C02 /* Debug */,
				A00B4CC81BF05F9900444C02 /* Release */,
			);
			defaultConfigurationIsVisible = 0;
		};
/* End XCConfigurationList section */
	};
	rootObject = A00B4CA71BF05F9900444C02 /* Project object */;
}
